// !$*UTF8*$!
{
	archiveVersion = 1;
	classes = {
	};
	objectVersion = 50;
	objects = {

/* Begin PBXBuildFile section */
		B2B4D7D524F4DECE00E1D4F0 /* Tests_iOS.swift in Sources */ = {isa = PBXBuildFile; fileRef = B2B4D7D424F4DECE00E1D4F0 /* Tests_iOS.swift */; };
		B2B4D7E024F4DECE00E1D4F0 /* Tests_macOS.swift in Sources */ = {isa = PBXBuildFile; fileRef = B2B4D7DF24F4DECE00E1D4F0 /* Tests_macOS.swift */; };
		B2B4D7E224F4DECE00E1D4F0 /* JSONParsingApp.swift in Sources */ = {isa = PBXBuildFile; fileRef = B2B4D7B924F4DECB00E1D4F0 /* JSONParsingApp.swift */; };
		B2B4D7E324F4DECE00E1D4F0 /* JSONParsingApp.swift in Sources */ = {isa = PBXBuildFile; fileRef = B2B4D7B924F4DECB00E1D4F0 /* JSONParsingApp.swift */; };
		B2B4D7E424F4DECE00E1D4F0 /* ContentView.swift in Sources */ = {isa = PBXBuildFile; fileRef = B2B4D7BA24F4DECB00E1D4F0 /* ContentView.swift */; };
		B2B4D7E524F4DECE00E1D4F0 /* ContentView.swift in Sources */ = {isa = PBXBuildFile; fileRef = B2B4D7BA24F4DECB00E1D4F0 /* ContentView.swift */; };
		B2B4D7E624F4DECE00E1D4F0 /* Assets.xcassets in Resources */ = {isa = PBXBuildFile; fileRef = B2B4D7BB24F4DECE00E1D4F0 /* Assets.xcassets */; };
		B2B4D7E724F4DECE00E1D4F0 /* Assets.xcassets in Resources */ = {isa = PBXBuildFile; fileRef = B2B4D7BB24F4DECE00E1D4F0 /* Assets.xcassets */; };
/* End PBXBuildFile section */

/* Begin PBXContainerItemProxy section */
		B2B4D7D124F4DECE00E1D4F0 /* PBXContainerItemProxy */ = {
			isa = PBXContainerItemProxy;
			containerPortal = B2B4D7B424F4DECB00E1D4F0 /* Project object */;
			proxyType = 1;
			remoteGlobalIDString = B2B4D7BF24F4DECE00E1D4F0;
			remoteInfo = "JSONParsing (iOS)";
		};
		B2B4D7DC24F4DECE00E1D4F0 /* PBXContainerItemProxy */ = {
			isa = PBXContainerItemProxy;
			containerPortal = B2B4D7B424F4DECB00E1D4F0 /* Project object */;
			proxyType = 1;
			remoteGlobalIDString = B2B4D7C724F4DECE00E1D4F0;
			remoteInfo = "JSONParsing (macOS)";
		};
/* End PBXContainerItemProxy section */

/* Begin PBXFileReference section */
		B2B4D7B924F4DECB00E1D4F0 /* JSONParsingApp.swift */ = {isa = PBXFileReference; lastKnownFileType = sourcecode.swift; path = JSONParsingApp.swift; sourceTree = "<group>"; };
		B2B4D7BA24F4DECB00E1D4F0 /* ContentView.swift */ = {isa = PBXFileReference; lastKnownFileType = sourcecode.swift; path = ContentView.swift; sourceTree = "<group>"; };
		B2B4D7BB24F4DECE00E1D4F0 /* Assets.xcassets */ = {isa = PBXFileReference; lastKnownFileType = folder.assetcatalog; path = Assets.xcassets; sourceTree = "<group>"; };
		B2B4D7C024F4DECE00E1D4F0 /* JSONParsing.app */ = {isa = PBXFileReference; explicitFileType = wrapper.application; includeInIndex = 0; path = JSONParsing.app; sourceTree = BUILT_PRODUCTS_DIR; };
		B2B4D7C324F4DECE00E1D4F0 /* Info.plist */ = {isa = PBXFileReference; lastKnownFileType = text.plist.xml; path = Info.plist; sourceTree = "<group>"; };
		B2B4D7C824F4DECE00E1D4F0 /* JSONParsing.app */ = {isa = PBXFileReference; explicitFileType = wrapper.application; includeInIndex = 0; path = JSONParsing.app; sourceTree = BUILT_PRODUCTS_DIR; };
		B2B4D7CA24F4DECE00E1D4F0 /* Info.plist */ = {isa = PBXFileReference; lastKnownFileType = text.plist.xml; path = Info.plist; sourceTree = "<group>"; };
		B2B4D7CB24F4DECE00E1D4F0 /* macOS.entitlements */ = {isa = PBXFileReference; lastKnownFileType = text.plist.entitlements; path = macOS.entitlements; sourceTree = "<group>"; };
		B2B4D7D024F4DECE00E1D4F0 /* Tests iOS.xctest */ = {isa = PBXFileReference; explicitFileType = wrapper.cfbundle; includeInIndex = 0; path = "Tests iOS.xctest"; sourceTree = BUILT_PRODUCTS_DIR; };
		B2B4D7D424F4DECE00E1D4F0 /* Tests_iOS.swift */ = {isa = PBXFileReference; lastKnownFileType = sourcecode.swift; path = Tests_iOS.swift; sourceTree = "<group>"; };
		B2B4D7D624F4DECE00E1D4F0 /* Info.plist */ = {isa = PBXFileReference; lastKnownFileType = text.plist.xml; path = Info.plist; sourceTree = "<group>"; };
		B2B4D7DB24F4DECE00E1D4F0 /* Tests macOS.xctest */ = {isa = PBXFileReference; explicitFileType = wrapper.cfbundle; includeInIndex = 0; path = "Tests macOS.xctest"; sourceTree = BUILT_PRODUCTS_DIR; };
		B2B4D7DF24F4DECE00E1D4F0 /* Tests_macOS.swift */ = {isa = PBXFileReference; lastKnownFileType = sourcecode.swift; path = Tests_macOS.swift; sourceTree = "<group>"; };
		B2B4D7E124F4DECE00E1D4F0 /* Info.plist */ = {isa = PBXFileReference; lastKnownFileType = text.plist.xml; path = Info.plist; sourceTree = "<group>"; };
/* End PBXFileReference section */

/* Begin PBXFrameworksBuildPhase section */
		B2B4D7BD24F4DECE00E1D4F0 /* Frameworks */ = {
			isa = PBXFrameworksBuildPhase;
			buildActionMask = 2147483647;
			files = (
			);
			runOnlyForDeploymentPostprocessing = 0;
		};
		B2B4D7C524F4DECE00E1D4F0 /* Frameworks */ = {
			isa = PBXFrameworksBuildPhase;
			buildActionMask = 2147483647;
			files = (
			);
			runOnlyForDeploymentPostprocessing = 0;
		};
		B2B4D7CD24F4DECE00E1D4F0 /* Frameworks */ = {
			isa = PBXFrameworksBuildPhase;
			buildActionMask = 2147483647;
			files = (
			);
			runOnlyForDeploymentPostprocessing = 0;
		};
		B2B4D7D824F4DECE00E1D4F0 /* Frameworks */ = {
			isa = PBXFrameworksBuildPhase;
			buildActionMask = 2147483647;
			files = (
			);
			runOnlyForDeploymentPostprocessing = 0;
		};
/* End PBXFrameworksBuildPhase section */

/* Begin PBXGroup section */
		B2B4D7B324F4DECB00E1D4F0 = {
			isa = PBXGroup;
			children = (
				B2B4D7B824F4DECB00E1D4F0 /* Shared */,
				B2B4D7C224F4DECE00E1D4F0 /* iOS */,
				B2B4D7C924F4DECE00E1D4F0 /* macOS */,
				B2B4D7D324F4DECE00E1D4F0 /* Tests iOS */,
				B2B4D7DE24F4DECE00E1D4F0 /* Tests macOS */,
				B2B4D7C124F4DECE00E1D4F0 /* Products */,
			);
			sourceTree = "<group>";
		};
		B2B4D7B824F4DECB00E1D4F0 /* Shared */ = {
			isa = PBXGroup;
			children = (
				B2B4D7B924F4DECB00E1D4F0 /* JSONParsingApp.swift */,
				B2B4D7BA24F4DECB00E1D4F0 /* ContentView.swift */,
				B2B4D7BB24F4DECE00E1D4F0 /* Assets.xcassets */,
			);
			path = Shared;
			sourceTree = "<group>";
		};
		B2B4D7C124F4DECE00E1D4F0 /* Products */ = {
			isa = PBXGroup;
			children = (
				B2B4D7C024F4DECE00E1D4F0 /* JSONParsing.app */,
				B2B4D7C824F4DECE00E1D4F0 /* JSONParsing.app */,
				B2B4D7D024F4DECE00E1D4F0 /* Tests iOS.xctest */,
				B2B4D7DB24F4DECE00E1D4F0 /* Tests macOS.xctest */,
			);
			name = Products;
			sourceTree = "<group>";
		};
		B2B4D7C224F4DECE00E1D4F0 /* iOS */ = {
			isa = PBXGroup;
			children = (
				B2B4D7C324F4DECE00E1D4F0 /* Info.plist */,
			);
			path = iOS;
			sourceTree = "<group>";
		};
		B2B4D7C924F4DECE00E1D4F0 /* macOS */ = {
			isa = PBXGroup;
			children = (
				B2B4D7CA24F4DECE00E1D4F0 /* Info.plist */,
				B2B4D7CB24F4DECE00E1D4F0 /* macOS.entitlements */,
			);
			path = macOS;
			sourceTree = "<group>";
		};
		B2B4D7D324F4DECE00E1D4F0 /* Tests iOS */ = {
			isa = PBXGroup;
			children = (
				B2B4D7D424F4DECE00E1D4F0 /* Tests_iOS.swift */,
				B2B4D7D624F4DECE00E1D4F0 /* Info.plist */,
			);
			path = "Tests iOS";
			sourceTree = "<group>";
		};
		B2B4D7DE24F4DECE00E1D4F0 /* Tests macOS */ = {
			isa = PBXGroup;
			children = (
				B2B4D7DF24F4DECE00E1D4F0 /* Tests_macOS.swift */,
				B2B4D7E124F4DECE00E1D4F0 /* Info.plist */,
			);
			path = "Tests macOS";
			sourceTree = "<group>";
		};
/* End PBXGroup section */

/* Begin PBXNativeTarget section */
		B2B4D7BF24F4DECE00E1D4F0 /* JSONParsing (iOS) */ = {
			isa = PBXNativeTarget;
			buildConfigurationList = B2B4D7EA24F4DECE00E1D4F0 /* Build configuration list for PBXNativeTarget "JSONParsing (iOS)" */;
			buildPhases = (
				B2B4D7BC24F4DECE00E1D4F0 /* Sources */,
				B2B4D7BD24F4DECE00E1D4F0 /* Frameworks */,
				B2B4D7BE24F4DECE00E1D4F0 /* Resources */,
			);
			buildRules = (
			);
			dependencies = (
			);
			name = "JSONParsing (iOS)";
			productName = "JSONParsing (iOS)";
			productReference = B2B4D7C024F4DECE00E1D4F0 /* JSONParsing.app */;
			productType = "com.apple.product-type.application";
		};
		B2B4D7C724F4DECE00E1D4F0 /* JSONParsing (macOS) */ = {
			isa = PBXNativeTarget;
			buildConfigurationList = B2B4D7ED24F4DECE00E1D4F0 /* Build configuration list for PBXNativeTarget "JSONParsing (macOS)" */;
			buildPhases = (
				B2B4D7C424F4DECE00E1D4F0 /* Sources */,
				B2B4D7C524F4DECE00E1D4F0 /* Frameworks */,
				B2B4D7C624F4DECE00E1D4F0 /* Resources */,
			);
			buildRules = (
			);
			dependencies = (
			);
			name = "JSONParsing (macOS)";
			productName = "JSONParsing (macOS)";
			productReference = B2B4D7C824F4DECE00E1D4F0 /* JSONParsing.app */;
			productType = "com.apple.product-type.application";
		};
		B2B4D7CF24F4DECE00E1D4F0 /* Tests iOS */ = {
			isa = PBXNativeTarget;
			buildConfigurationList = B2B4D7F024F4DECE00E1D4F0 /* Build configuration list for PBXNativeTarget "Tests iOS" */;
			buildPhases = (
				B2B4D7CC24F4DECE00E1D4F0 /* Sources */,
				B2B4D7CD24F4DECE00E1D4F0 /* Frameworks */,
				B2B4D7CE24F4DECE00E1D4F0 /* Resources */,
			);
			buildRules = (
			);
			dependencies = (
				B2B4D7D224F4DECE00E1D4F0 /* PBXTargetDependency */,
			);
			name = "Tests iOS";
			productName = "Tests iOS";
			productReference = B2B4D7D024F4DECE00E1D4F0 /* Tests iOS.xctest */;
			productType = "com.apple.product-type.bundle.ui-testing";
		};
		B2B4D7DA24F4DECE00E1D4F0 /* Tests macOS */ = {
			isa = PBXNativeTarget;
			buildConfigurationList = B2B4D7F324F4DECE00E1D4F0 /* Build configuration list for PBXNativeTarget "Tests macOS" */;
			buildPhases = (
				B2B4D7D724F4DECE00E1D4F0 /* Sources */,
				B2B4D7D824F4DECE00E1D4F0 /* Frameworks */,
				B2B4D7D924F4DECE00E1D4F0 /* Resources */,
			);
			buildRules = (
			);
			dependencies = (
				B2B4D7DD24F4DECE00E1D4F0 /* PBXTargetDependency */,
			);
			name = "Tests macOS";
			productName = "Tests macOS";
			productReference = B2B4D7DB24F4DECE00E1D4F0 /* Tests macOS.xctest */;
			productType = "com.apple.product-type.bundle.ui-testing";
		};
/* End PBXNativeTarget section */

/* Begin PBXProject section */
		B2B4D7B424F4DECB00E1D4F0 /* Project object */ = {
			isa = PBXProject;
			attributes = {
				LastSwiftUpdateCheck = 1200;
				LastUpgradeCheck = 1200;
				TargetAttributes = {
					B2B4D7BF24F4DECE00E1D4F0 = {
						CreatedOnToolsVersion = 12.0;
					};
					B2B4D7C724F4DECE00E1D4F0 = {
						CreatedOnToolsVersion = 12.0;
					};
					B2B4D7CF24F4DECE00E1D4F0 = {
						CreatedOnToolsVersion = 12.0;
						TestTargetID = B2B4D7BF24F4DECE00E1D4F0;
					};
					B2B4D7DA24F4DECE00E1D4F0 = {
						CreatedOnToolsVersion = 12.0;
						TestTargetID = B2B4D7C724F4DECE00E1D4F0;
					};
				};
			};
			buildConfigurationList = B2B4D7B724F4DECB00E1D4F0 /* Build configuration list for PBXProject "JSONParsing" */;
			compatibilityVersion = "Xcode 9.3";
			developmentRegion = en;
			hasScannedForEncodings = 0;
			knownRegions = (
				en,
				Base,
			);
			mainGroup = B2B4D7B324F4DECB00E1D4F0;
			productRefGroup = B2B4D7C124F4DECE00E1D4F0 /* Products */;
			projectDirPath = "";
			projectRoot = "";
			targets = (
				B2B4D7BF24F4DECE00E1D4F0 /* JSONParsing (iOS) */,
				B2B4D7C724F4DECE00E1D4F0 /* JSONParsing (macOS) */,
				B2B4D7CF24F4DECE00E1D4F0 /* Tests iOS */,
				B2B4D7DA24F4DECE00E1D4F0 /* Tests macOS */,
			);
		};
/* End PBXProject section */

/* Begin PBXResourcesBuildPhase section */
		B2B4D7BE24F4DECE00E1D4F0 /* Resources */ = {
			isa = PBXResourcesBuildPhase;
			buildActionMask = 2147483647;
			files = (
				B2B4D7E624F4DECE00E1D4F0 /* Assets.xcassets in Resources */,
			);
			runOnlyForDeploymentPostprocessing = 0;
		};
		B2B4D7C624F4DECE00E1D4F0 /* Resources */ = {
			isa = PBXResourcesBuildPhase;
			buildActionMask = 2147483647;
			files = (
				B2B4D7E724F4DECE00E1D4F0 /* Assets.xcassets in Resources */,
			);
			runOnlyForDeploymentPostprocessing = 0;
		};
		B2B4D7CE24F4DECE00E1D4F0 /* Resources */ = {
			isa = PBXResourcesBuildPhase;
			buildActionMask = 2147483647;
			files = (
			);
			runOnlyForDeploymentPostprocessing = 0;
		};
		B2B4D7D924F4DECE00E1D4F0 /* Resources */ = {
			isa = PBXResourcesBuildPhase;
			buildActionMask = 2147483647;
			files = (
			);
			runOnlyForDeploymentPostprocessing = 0;
		};
/* End PBXResourcesBuildPhase section */

/* Begin PBXSourcesBuildPhase section */
		B2B4D7BC24F4DECE00E1D4F0 /* Sources */ = {
			isa = PBXSourcesBuildPhase;
			buildActionMask = 2147483647;
			files = (
				B2B4D7E424F4DECE00E1D4F0 /* ContentView.swift in Sources */,
				B2B4D7E224F4DECE00E1D4F0 /* JSONParsingApp.swift in Sources */,
			);
			runOnlyForDeploymentPostprocessing = 0;
		};
		B2B4D7C424F4DECE00E1D4F0 /* Sources */ = {
			isa = PBXSourcesBuildPhase;
			buildActionMask = 2147483647;
			files = (
				B2B4D7E524F4DECE00E1D4F0 /* ContentView.swift in Sources */,
				B2B4D7E324F4DECE00E1D4F0 /* JSONParsingApp.swift in Sources */,
			);
			runOnlyForDeploymentPostprocessing = 0;
		};
		B2B4D7CC24F4DECE00E1D4F0 /* Sources */ = {
			isa = PBXSourcesBuildPhase;
			buildActionMask = 2147483647;
			files = (
				B2B4D7D524F4DECE00E1D4F0 /* Tests_iOS.swift in Sources */,
			);
			runOnlyForDeploymentPostprocessing = 0;
		};
		B2B4D7D724F4DECE00E1D4F0 /* Sources */ = {
			isa = PBXSourcesBuildPhase;
			buildActionMask = 2147483647;
			files = (
				B2B4D7E024F4DECE00E1D4F0 /* Tests_macOS.swift in Sources */,
			);
			runOnlyForDeploymentPostprocessing = 0;
		};
/* End PBXSourcesBuildPhase section */

/* Begin PBXTargetDependency section */
		B2B4D7D224F4DECE00E1D4F0 /* PBXTargetDependency */ = {
			isa = PBXTargetDependency;
			target = B2B4D7BF24F4DECE00E1D4F0 /* JSONParsing (iOS) */;
			targetProxy = B2B4D7D124F4DECE00E1D4F0 /* PBXContainerItemProxy */;
		};
		B2B4D7DD24F4DECE00E1D4F0 /* PBXTargetDependency */ = {
			isa = PBXTargetDependency;
			target = B2B4D7C724F4DECE00E1D4F0 /* JSONParsing (macOS) */;
			targetProxy = B2B4D7DC24F4DECE00E1D4F0 /* PBXContainerItemProxy */;
		};
/* End PBXTargetDependency section */

/* Begin XCBuildConfiguration section */
		B2B4D7E824F4DECE00E1D4F0 /* Debug */ = {
			isa = XCBuildConfiguration;
			buildSettings = {
				ALWAYS_SEARCH_USER_PATHS = NO;
				CLANG_ANALYZER_NONNULL = YES;
				CLANG_ANALYZER_NUMBER_OBJECT_CONVERSION = YES_AGGRESSIVE;
				CLANG_CXX_LANGUAGE_STANDARD = "gnu++14";
				CLANG_CXX_LIBRARY = "libc++";
				CLANG_ENABLE_MODULES = YES;
				CLANG_ENABLE_OBJC_ARC = YES;
				CLANG_ENABLE_OBJC_WEAK = YES;
				CLANG_WARN_BLOCK_CAPTURE_AUTORELEASING = YES;
				CLANG_WARN_BOOL_CONVERSION = YES;
				CLANG_WARN_COMMA = YES;
				CLANG_WARN_CONSTANT_CONVERSION = YES;
				CLANG_WARN_DEPRECATED_OBJC_IMPLEMENTATIONS = YES;
				CLANG_WARN_DIRECT_OBJC_ISA_USAGE = YES_ERROR;
				CLANG_WARN_DOCUMENTATION_COMMENTS = YES;
				CLANG_WARN_EMPTY_BODY = YES;
				CLANG_WARN_ENUM_CONVERSION = YES;
				CLANG_WARN_INFINITE_RECURSION = YES;
				CLANG_WARN_INT_CONVERSION = YES;
				CLANG_WARN_NON_LITERAL_NULL_CONVERSION = YES;
				CLANG_WARN_OBJC_IMPLICIT_RETAIN_SELF = YES;
				CLANG_WARN_OBJC_LITERAL_CONVERSION = YES;
				CLANG_WARN_OBJC_ROOT_CLASS = YES_ERROR;
				CLANG_WARN_QUOTED_INCLUDE_IN_FRAMEWORK_HEADER = YES;
				CLANG_WARN_RANGE_LOOP_ANALYSIS = YES;
				CLANG_WARN_STRICT_PROTOTYPES = YES;
				CLANG_WARN_SUSPICIOUS_MOVE = YES;
				CLANG_WARN_UNGUARDED_AVAILABILITY = YES_AGGRESSIVE;
				CLANG_WARN_UNREACHABLE_CODE = YES;
				CLANG_WARN__DUPLICATE_METHOD_MATCH = YES;
				COPY_PHASE_STRIP = NO;
				DEBUG_INFORMATION_FORMAT = dwarf;
				ENABLE_STRICT_OBJC_MSGSEND = YES;
				ENABLE_TESTABILITY = YES;
				GCC_C_LANGUAGE_STANDARD = gnu11;
				GCC_DYNAMIC_NO_PIC = NO;
				GCC_NO_COMMON_BLOCKS = YES;
				GCC_OPTIMIZATION_LEVEL = 0;
				GCC_PREPROCESSOR_DEFINITIONS = (
					"DEBUG=1",
					"$(inherited)",
				);
				GCC_WARN_64_TO_32_BIT_CONVERSION = YES;
				GCC_WARN_ABOUT_RETURN_TYPE = YES_ERROR;
				GCC_WARN_UNDECLARED_SELECTOR = YES;
				GCC_WARN_UNINITIALIZED_AUTOS = YES_AGGRESSIVE;
				GCC_WARN_UNUSED_FUNCTION = YES;
				GCC_WARN_UNUSED_VARIABLE = YES;
				MTL_ENABLE_DEBUG_INFO = INCLUDE_SOURCE;
				MTL_FAST_MATH = YES;
				ONLY_ACTIVE_ARCH = YES;
				SWIFT_ACTIVE_COMPILATION_CONDITIONS = DEBUG;
				SWIFT_OPTIMIZATION_LEVEL = "-Onone";
			};
			name = Debug;
		};
		B2B4D7E924F4DECE00E1D4F0 /* Release */ = {
			isa = XCBuildConfiguration;
			buildSettings = {
				ALWAYS_SEARCH_USER_PATHS = NO;
				CLANG_ANALYZER_NONNULL = YES;
				CLANG_ANALYZER_NUMBER_OBJECT_CONVERSION = YES_AGGRESSIVE;
				CLANG_CXX_LANGUAGE_STANDARD = "gnu++14";
				CLANG_CXX_LIBRARY = "libc++";
				CLANG_ENABLE_MODULES = YES;
				CLANG_ENABLE_OBJC_ARC = YES;
				CLANG_ENABLE_OBJC_WEAK = YES;
				CLANG_WARN_BLOCK_CAPTURE_AUTORELEASING = YES;
				CLANG_WARN_BOOL_CONVERSION = YES;
				CLANG_WARN_COMMA = YES;
				CLANG_WARN_CONSTANT_CONVERSION = YES;
				CLANG_WARN_DEPRECATED_OBJC_IMPLEMENTATIONS = YES;
				CLANG_WARN_DIRECT_OBJC_ISA_USAGE = YES_ERROR;
				CLANG_WARN_DOCUMENTATION_COMMENTS = YES;
				CLANG_WARN_EMPTY_BODY = YES;
				CLANG_WARN_ENUM_CONVERSION = YES;
				CLANG_WARN_INFINITE_RECURSION = YES;
				CLANG_WARN_INT_CONVERSION = YES;
				CLANG_WARN_NON_LITERAL_NULL_CONVERSION = YES;
				CLANG_WARN_OBJC_IMPLICIT_RETAIN_SELF = YES;
				CLANG_WARN_OBJC_LITERAL_CONVERSION = YES;
				CLANG_WARN_OBJC_ROOT_CLASS = YES_ERROR;
				CLANG_WARN_QUOTED_INCLUDE_IN_FRAMEWORK_HEADER = YES;
				CLANG_WARN_RANGE_LOOP_ANALYSIS = YES;
				CLANG_WARN_STRICT_PROTOTYPES = YES;
				CLANG_WARN_SUSPICIOUS_MOVE = YES;
				CLANG_WARN_UNGUARDED_AVAILABILITY = YES_AGGRESSIVE;
				CLANG_WARN_UNREACHABLE_CODE = YES;
				CLANG_WARN__DUPLICATE_METHOD_MATCH = YES;
				COPY_PHASE_STRIP = NO;
				DEBUG_INFORMATION_FORMAT = "dwarf-with-dsym";
				ENABLE_NS_ASSERTIONS = NO;
				ENABLE_STRICT_OBJC_MSGSEND = YES;
				GCC_C_LANGUAGE_STANDARD = gnu11;
				GCC_NO_COMMON_BLOCKS = YES;
				GCC_WARN_64_TO_32_BIT_CONVERSION = YES;
				GCC_WARN_ABOUT_RETURN_TYPE = YES_ERROR;
				GCC_WARN_UNDECLARED_SELECTOR = YES;
				GCC_WARN_UNINITIALIZED_AUTOS = YES_AGGRESSIVE;
				GCC_WARN_UNUSED_FUNCTION = YES;
				GCC_WARN_UNUSED_VARIABLE = YES;
				MTL_ENABLE_DEBUG_INFO = NO;
				MTL_FAST_MATH = YES;
				SWIFT_COMPILATION_MODE = wholemodule;
				SWIFT_OPTIMIZATION_LEVEL = "-O";
			};
			name = Release;
		};
		B2B4D7EB24F4DECE00E1D4F0 /* Debug */ = {
			isa = XCBuildConfiguration;
			buildSettings = {
				ASSETCATALOG_COMPILER_APPICON_NAME = AppIcon;
				ASSETCATALOG_COMPILER_GLOBAL_ACCENT_COLOR_NAME = AccentColor;
				CODE_SIGN_STYLE = Automatic;
				DEVELOPMENT_TEAM = 9C42RCYL3M;
				ENABLE_PREVIEWS = YES;
				INFOPLIST_FILE = iOS/Info.plist;
				IPHONEOS_DEPLOYMENT_TARGET = 14.0;
				LD_RUNPATH_SEARCH_PATHS = (
					"$(inherited)",
					"@executable_path/Frameworks",
				);
				PRODUCT_BUNDLE_IDENTIFIER = com.E1.JSONParsing;
				PRODUCT_NAME = JSONParsing;
				SDKROOT = iphoneos;
				SWIFT_VERSION = 5.0;
				TARGETED_DEVICE_FAMILY = "1,2";
			};
			name = Debug;
		};
		B2B4D7EC24F4DECE00E1D4F0 /* Release */ = {
			isa = XCBuildConfiguration;
			buildSettings = {
				ASSETCATALOG_COMPILER_APPICON_NAME = AppIcon;
				ASSETCATALOG_COMPILER_GLOBAL_ACCENT_COLOR_NAME = AccentColor;
				CODE_SIGN_STYLE = Automatic;
				DEVELOPMENT_TEAM = 9C42RCYL3M;
				ENABLE_PREVIEWS = YES;
				INFOPLIST_FILE = iOS/Info.plist;
				IPHONEOS_DEPLOYMENT_TARGET = 14.0;
				LD_RUNPATH_SEARCH_PATHS = (
					"$(inherited)",
					"@executable_path/Frameworks",
				);
				PRODUCT_BUNDLE_IDENTIFIER = com.E1.JSONParsing;
				PRODUCT_NAME = JSONParsing;
				SDKROOT = iphoneos;
				SWIFT_VERSION = 5.0;
				TARGETED_DEVICE_FAMILY = "1,2";
				VALIDATE_PRODUCT = YES;
			};
			name = Release;
		};
		B2B4D7EE24F4DECE00E1D4F0 /* Debug */ = {
			isa = XCBuildConfiguration;
			buildSettings = {
				ASSETCATALOG_COMPILER_APPICON_NAME = AppIcon;
				ASSETCATALOG_COMPILER_GLOBAL_ACCENT_COLOR_NAME = AccentColor;
				CODE_SIGN_ENTITLEMENTS = macOS/macOS.entitlements;
				CODE_SIGN_STYLE = Automatic;
				COMBINE_HIDPI_IMAGES = YES;
				DEVELOPMENT_TEAM = 9C42RCYL3M;
				ENABLE_HARDENED_RUNTIME = YES;
				ENABLE_PREVIEWS = YES;
				INFOPLIST_FILE = macOS/Info.plist;
				LD_RUNPATH_SEARCH_PATHS = (
					"$(inherited)",
					"@executable_path/../Frameworks",
				);
				MACOSX_DEPLOYMENT_TARGET = 11.0;
				PRODUCT_BUNDLE_IDENTIFIER = com.E1.JSONParsing;
				PRODUCT_NAME = JSONParsing;
				SDKROOT = macosx;
				SWIFT_VERSION = 5.0;
			};
			name = Debug;
		};
		B2B4D7EF24F4DECE00E1D4F0 /* Release */ = {
			isa = XCBuildConfiguration;
			buildSettings = {
				ASSETCATALOG_COMPILER_APPICON_NAME = AppIcon;
				ASSETCATALOG_COMPILER_GLOBAL_ACCENT_COLOR_NAME = AccentColor;
				CODE_SIGN_ENTITLEMENTS = macOS/macOS.entitlements;
				CODE_SIGN_STYLE = Automatic;
				COMBINE_HIDPI_IMAGES = YES;
				DEVELOPMENT_TEAM = 9C42RCYL3M;
				ENABLE_HARDENED_RUNTIME = YES;
				ENABLE_PREVIEWS = YES;
				INFOPLIST_FILE = macOS/Info.plist;
				LD_RUNPATH_SEARCH_PATHS = (
					"$(inherited)",
					"@executable_path/../Frameworks",
				);
				MACOSX_DEPLOYMENT_TARGET = 11.0;
				PRODUCT_BUNDLE_IDENTIFIER = com.E1.JSONParsing;
				PRODUCT_NAME = JSONParsing;
				SDKROOT = macosx;
				SWIFT_VERSION = 5.0;
			};
			name = Release;
		};
		B2B4D7F124F4DECE00E1D4F0 /* Debug */ = {
			isa = XCBuildConfiguration;
			buildSettings = {
				ALWAYS_EMBED_SWIFT_STANDARD_LIBRARIES = YES;
				CODE_SIGN_STYLE = Automatic;
				DEVELOPMENT_TEAM = 9C42RCYL3M;
				INFOPLIST_FILE = "Tests iOS/Info.plist";
				IPHONEOS_DEPLOYMENT_TARGET = 14.0;
				LD_RUNPATH_SEARCH_PATHS = (
					"$(inherited)",
					"@executable_path/Frameworks",
					"@loader_path/Frameworks",
				);
				PRODUCT_BUNDLE_IDENTIFIER = "com.E1.Tests-iOS";
				PRODUCT_NAME = "$(TARGET_NAME)";
				SDKROOT = iphoneos;
				SWIFT_VERSION = 5.0;
				TARGETED_DEVICE_FAMILY = "1,2";
				TEST_TARGET_NAME = "JSONParsing (iOS)";
			};
			name = Debug;
		};
		B2B4D7F224F4DECE00E1D4F0 /* Release */ = {
			isa = XCBuildConfiguration;
			buildSettings = {
				ALWAYS_EMBED_SWIFT_STANDARD_LIBRARIES = YES;
				CODE_SIGN_STYLE = Automatic;
				DEVELOPMENT_TEAM = 9C42RCYL3M;
				INFOPLIST_FILE = "Tests iOS/Info.plist";
				IPHONEOS_DEPLOYMENT_TARGET = 14.0;
				LD_RUNPATH_SEARCH_PATHS = (
					"$(inherited)",
					"@executable_path/Frameworks",
					"@loader_path/Frameworks",
				);
				PRODUCT_BUNDLE_IDENTIFIER = "com.E1.Tests-iOS";
				PRODUCT_NAME = "$(TARGET_NAME)";
				SDKROOT = iphoneos;
				SWIFT_VERSION = 5.0;
				TARGETED_DEVICE_FAMILY = "1,2";
				TEST_TARGET_NAME = "JSONParsing (iOS)";
				VALIDATE_PRODUCT = YES;
			};
			name = Release;
		};
		B2B4D7F424F4DECE00E1D4F0 /* Debug */ = {
			isa = XCBuildConfiguration;
			buildSettings = {
				ALWAYS_EMBED_SWIFT_STANDARD_LIBRARIES = YES;
				CODE_SIGN_STYLE = Automatic;
				COMBINE_HIDPI_IMAGES = YES;
				DEVELOPMENT_TEAM = 9C42RCYL3M;
				INFOPLIST_FILE = "Tests macOS/Info.plist";
				LD_RUNPATH_SEARCH_PATHS = (
					"$(inherited)",
					"@executable_path/../Frameworks",
					"@loader_path/../Frameworks",
				);
				MACOSX_DEPLOYMENT_TARGET = 10.15;
				PRODUCT_BUNDLE_IDENTIFIER = "com.E1.Tests-macOS";
				PRODUCT_NAME = "$(TARGET_NAME)";
				SDKROOT = macosx;
				SWIFT_VERSION = 5.0;
				TEST_TARGET_NAME = "JSONParsing (macOS)";
			};
			name = Debug;
		};
		B2B4D7F524F4DECE00E1D4F0 /* Release */ = {
			isa = XCBuildConfiguration;
			buildSettings = {
				ALWAYS_EMBED_SWIFT_STANDARD_LIBRARIES = YES;
				CODE_SIGN_STYLE = Automatic;
				COMBINE_HIDPI_IMAGES = YES;
				DEVELOPMENT_TEAM = 9C42RCYL3M;
				INFOPLIST_FILE = "Tests macOS/Info.plist";
				LD_RUNPATH_SEARCH_PATHS = (
					"$(inherited)",
					"@executable_path/../Frameworks",
					"@loader_path/../Frameworks",
				);
				MACOSX_DEPLOYMENT_TARGET = 10.15;
				PRODUCT_BUNDLE_IDENTIFIER = "com.E1.Tests-macOS";
				PRODUCT_NAME = "$(TARGET_NAME)";
				SDKROOT = macosx;
				SWIFT_VERSION = 5.0;
				TEST_TARGET_NAME = "JSONParsing (macOS)";
			};
			name = Release;
		};
/* End XCBuildConfiguration section */

/* Begin XCConfigurationList section */
		B2B4D7B724F4DECB00E1D4F0 /* Build configuration list for PBXProject "JSONParsing" */ = {
			isa = XCConfigurationList;
			buildConfigurations = (
				B2B4D7E824F4DECE00E1D4F0 /* Debug */,
				B2B4D7E924F4DECE00E1D4F0 /* Release */,
			);
			defaultConfigurationIsVisible = 0;
			defaultConfigurationName = Release;
		};
		B2B4D7EA24F4DECE00E1D4F0 /* Build configuration list for PBXNativeTarget "JSONParsing (iOS)" */ = {
			isa = XCConfigurationList;
			buildConfigurations = (
				B2B4D7EB24F4DECE00E1D4F0 /* Debug */,
				B2B4D7EC24F4DECE00E1D4F0 /* Release */,
			);
			defaultConfigurationIsVisible = 0;
			defaultConfigurationName = Release;
		};
		B2B4D7ED24F4DECE00E1D4F0 /* Build configuration list for PBXNativeTarget "JSONParsing (macOS)" */ = {
			isa = XCConfigurationList;
			buildConfigurations = (
				B2B4D7EE24F4DECE00E1D4F0 /* Debug */,
				B2B4D7EF24F4DECE00E1D4F0 /* Release */,
			);
			defaultConfigurationIsVisible = 0;
			defaultConfigurationName = Release;
		};
		B2B4D7F024F4DECE00E1D4F0 /* Build configuration list for PBXNativeTarget "Tests iOS" */ = {
			isa = XCConfigurationList;
			buildConfigurations = (
				B2B4D7F124F4DECE00E1D4F0 /* Debug */,
				B2B4D7F224F4DECE00E1D4F0 /* Release */,
			);
			defaultConfigurationIsVisible = 0;
			defaultConfigurationName = Release;
		};
		B2B4D7F324F4DECE00E1D4F0 /* Build configuration list for PBXNativeTarget "Tests macOS" */ = {
			isa = XCConfigurationList;
			buildConfigurations = (
				B2B4D7F424F4DECE00E1D4F0 /* Debug */,
				B2B4D7F524F4DECE00E1D4F0 /* Release */,
			);
			defaultConfigurationIsVisible = 0;
			defaultConfigurationName = Release;
		};
/* End XCConfigurationList section */
	};
	rootObject = B2B4D7B424F4DECB00E1D4F0 /* Project object */;
}
